
Microsoft Visual Studio Solution File, Format Version 12.00
# Visual Studio Version 16
VisualStudioVersion = 16.0.31205.134
MinimumVisualStudioVersion = 10.0.40219.1
Project("{FAE04EC0-301F-11D3-BF4B-00C04F79EFBC}") = "GamerProject", "GamerProject\GamerProject.csproj", "{FEBC7A85-FDB3-4E65-A352-52F4C8589DF6}"
EndProject
Global
	GlobalSection(SolutionConfigurationPlatforms) = preSolution
		Debug|Any CPU = Debug|Any CPU
		Release|Any CPU = Release|Any CPU
	EndGlobalSection
	GlobalSection(ProjectConfigurationPlatforms) = postSolution
		{FEBC7A85-FDB3-4E65-A352-52F4C8589DF6}.Debug|Any CPU.ActiveCfg = Debug|Any CPU
		{FEBC7A85-FDB3-4E65-A352-52F4C8589DF6}.Debug|Any CPU.Build.0 = Debug|Any CPU
		{FEBC7A85-FDB3-4E65-A352-52F4C8589DF6}.Release|Any CPU.ActiveCfg = Release|Any CPU
		{FEBC7A85-FDB3-4E65-A352-52F4C8589DF6}.Release|Any CPU.Build.0 = Release|Any CPU
	EndGlobalSection
	GlobalSection(SolutionProperties) = preSolution
		HideSolutionNode = FALSE
	EndGlobalSection
	GlobalSection(ExtensibilityGlobals) = postSolution
		SolutionGuid = {C378FA3A-1D6D-47A4-B465-BF7F88AD0CC3}
	EndGlobalSection
EndGlobal
